
Microsoft Visual Studio Solution File, Format Version 12.00
Project("{FAE04EC0-301F-11D3-BF4B-00C04F79EFBC}") = "Api", "Api\Api.csproj", "{F2DBB35C-8FF0-4450-BBA3-85740E03C92F}"
EndProject
Project("{FAE04EC0-301F-11D3-BF4B-00C04F79EFBC}") = "Domain", "Domain\Domain.csproj", "{73041AF0-D846-4778-81BF-410DC238AB91}"
EndProject
Project("{FAE04EC0-301F-11D3-BF4B-00C04F79EFBC}") = "Application", "Application\Application.csproj", "{C7084EE2-511E-448B-A037-D3ACCC4F17B5}"
EndProject
Project("{FAE04EC0-301F-11D3-BF4B-00C04F79EFBC}") = "Application.Test", "Application.Test\Application.Test.csproj", "{A7FAB0D0-953D-4B92-8581-27310ECC3BDA}"
EndProject
Global
	GlobalSection(SolutionConfigurationPlatforms) = preSolution
		Debug|Any CPU = Debug|Any CPU
		Release|Any CPU = Release|Any CPU
	EndGlobalSection
	GlobalSection(ProjectConfigurationPlatforms) = postSolution
		{F2DBB35C-8FF0-4450-BBA3-85740E03C92F}.Debug|Any CPU.ActiveCfg = Debug|Any CPU
		{F2DBB35C-8FF0-4450-BBA3-85740E03C92F}.Debug|Any CPU.Build.0 = Debug|Any CPU
		{F2DBB35C-8FF0-4450-BBA3-85740E03C92F}.Release|Any CPU.ActiveCfg = Release|Any CPU
		{F2DBB35C-8FF0-4450-BBA3-85740E03C92F}.Release|Any CPU.Build.0 = Release|Any CPU
		{73041AF0-D846-4778-81BF-410DC238AB91}.Debug|Any CPU.ActiveCfg = Debug|Any CPU
		{73041AF0-D846-4778-81BF-410DC238AB91}.Debug|Any CPU.Build.0 = Debug|Any CPU
		{73041AF0-D846-4778-81BF-410DC238AB91}.Release|Any CPU.ActiveCfg = Release|Any CPU
		{73041AF0-D846-4778-81BF-410DC238AB91}.Release|Any CPU.Build.0 = Release|Any CPU
		{C7084EE2-511E-448B-A037-D3ACCC4F17B5}.Debug|Any CPU.ActiveCfg = Debug|Any CPU
		{C7084EE2-511E-448B-A037-D3ACCC4F17B5}.Debug|Any CPU.Build.0 = Debug|Any CPU
		{C7084EE2-511E-448B-A037-D3ACCC4F17B5}.Release|Any CPU.ActiveCfg = Release|Any CPU
		{C7084EE2-511E-448B-A037-D3ACCC4F17B5}.Release|Any CPU.Build.0 = Release|Any CPU
		{A7FAB0D0-953D-4B92-8581-27310ECC3BDA}.Debug|Any CPU.ActiveCfg = Debug|Any CPU
		{A7FAB0D0-953D-4B92-8581-27310ECC3BDA}.Debug|Any CPU.Build.0 = Debug|Any CPU
		{A7FAB0D0-953D-4B92-8581-27310ECC3BDA}.Release|Any CPU.ActiveCfg = Release|Any CPU
		{A7FAB0D0-953D-4B92-8581-27310ECC3BDA}.Release|Any CPU.Build.0 = Release|Any CPU
	EndGlobalSection
EndGlobal
